<?xml version="1.0" encoding="utf-8"?>
<Project ToolsVersion="4.0" xmlns="http://schemas.microsoft.com/developer/msbuild/2003">
  <ItemGroup>
    <Filter Include="Trail">
      <UniqueIdentifier>{41382F0E-AD4C-57BF-76CE-FA1EE2A153F0}</UniqueIdentifier>
    </Filter>
  </ItemGroup>
  <ItemGroup>
    <ClInclude Include="..\Trail\src\Trail.h" />
    <ClInclude Include="..\Trail\src\Trail\Application.h">
      <Filter>Trail</Filter>
    </ClInclude>
    <ClInclude Include="..\Trail\src\Trail\Core.h">
      <Filter>Trail</Filter>
    </ClInclude>
    <ClInclude Include="..\Trail\src\Trail\EntryPoint.h">
      <Filter>Trail</Filter>
    </ClInclude>
    <ClInclude Include="..\Trail\src\Trail\Log.h">
      <Filter>Trail</Filter>
    </ClInclude>
  </ItemGroup>
  <ItemGroup>
    <ClCompile Include="..\Trail\src\Trail\Application.cpp">
      <Filter>Trail</Filter>
    </ClCompile>
    <ClCompile Include="..\Trail\src\Trail\Log.cpp">
      <Filter>Trail</Filter>
    </ClCompile>
  </ItemGroup>
</Project>