<?xml version="1.0" encoding="utf-8"?>
<Project ToolsVersion="4.0" xmlns="http://schemas.microsoft.com/developer/msbuild/2003">
  <ItemGroup>
    <Filter Include="Trail">
      <UniqueIdentifier>{41382F0E-AD4C-57BF-76CE-FA1EE2A153F0}</UniqueIdentifier>
    </Filter>
    <Filter Include="Trail\Events">
      <UniqueIdentifier>{05F10C92-F153-9C36-9AD9-D4EC861B68B9}</UniqueIdentifier>
    </Filter>
  </ItemGroup>
  <ItemGroup>
    <ClInclude Include="src\Trail.h" />
    <ClInclude Include="src\Trail\Application.h">
      <Filter>Trail</Filter>
    </ClInclude>
    <ClInclude Include="src\Trail\Core.h">
      <Filter>Trail</Filter>
    </ClInclude>
    <ClInclude Include="src\Trail\EntryPoint.h">
      <Filter>Trail</Filter>
    </ClInclude>
    <ClInclude Include="src\Trail\Events\ApplicationEvent.h">
      <Filter>Trail\Events</Filter>
    </ClInclude>
    <ClInclude Include="src\Trail\Events\Event.h">
      <Filter>Trail\Events</Filter>
    </ClInclude>
    <ClInclude Include="src\Trail\Events\KeyEvent.h">
      <Filter>Trail\Events</Filter>
    </ClInclude>
    <ClInclude Include="src\Trail\Events\MouseEvent.h">
      <Filter>Trail\Events</Filter>
    </ClInclude>
    <ClInclude Include="src\Trail\Log.h">
      <Filter>Trail</Filter>
    </ClInclude>
    <ClInclude Include="src\trlpch.h" />
    <ClInclude Include="src\Trail\Window.h" />
    <ClInclude Include="WindowsWindow.h" />
  </ItemGroup>
  <ItemGroup>
    <ClCompile Include="src\Trail\Application.cpp">
      <Filter>Trail</Filter>
    </ClCompile>
    <ClCompile Include="src\Trail\Log.cpp">
      <Filter>Trail</Filter>
    </ClCompile>
    <ClCompile Include="src\trlpch.cpp" />
    <ClCompile Include="WindowsWindow.cpp" />
  </ItemGroup>
</Project>